{
    "_meta": {
        "hash": {
            "sha256": "04189f93e9386cf39008a5cfc5ea5d1bdf972fc5197cc4d363c696a0e7eebaad"
        },
        "pipfile-spec": 6,
        "requires": {
            "python_version": "3.7"
        },
        "sources": [
            {
                "name": "pypi",
                "url": "https://pypi.org/simple",
                "verify_ssl": true
            }
        ]
    },
    "default": {
        "certifi": {
            "hashes": [
                "sha256:47f9c83ef4c0c621eaef743f133f09fa8a74a9b75f037e8624f83bd1b6626cb7",
                "sha256:993f830721089fef441cdfeb4b2c8c9df86f0c63239f06bd025a76a7daddb033"
            ],
            "version": "==2018.11.29"
        },
        "chardet": {
            "hashes": [
                "sha256:84ab92ed1c4d4f16916e05906b6b75a6c0fb5db821cc65e70cbd64a3e2a5eaae",
                "sha256:fc323ffcaeaed0e0a02bf4d117757b98aed530d9ed4531e3e15460124c106691"
            ],
            "version": "==3.0.4"
        },
        "click": {
            "hashes": [
                "sha256:2335065e6395b9e67ca716de5f7526736bfa6ceead690adf616d925bdc622b13",
                "sha256:5b94b49521f6456670fdb30cd82a4eca9412788a93fa6dd6df72c94d5a8ff2d7"
            ],
            "index": "pypi",
            "version": "==7.0"
        },
        "colorama": {
            "hashes": [
                "sha256:05eed71e2e327246ad6b38c540c4a3117230b19679b875190486ddd2d721422d",
                "sha256:f8ac84de7840f5b9c4e3347b3c1eaa50f7e49c2b07596221daec5edaabbd7c48"
            ],
            "index": "pypi",
            "version": "==0.4.1"
        },
        "idna": {
            "hashes": [
                "sha256:c357b3f628cf53ae2c4c05627ecc484553142ca23264e593d327bcde5e9c3407",
                "sha256:ea8b7f6188e6fa117537c3df7da9fc686d485087abf6ac197f9c46432f7e4a3c"
            ],
            "version": "==2.8"
        },
        "pyside2": {
            "hashes": [
                "sha256:006ac882190cb2cb8b6d1db521196710e18e4fbfffcb54e7fe4e7878b89e5644",
                "sha256:171d0e43bb241a12c98ab7ae46706af8e7929c973225d1c9abaf18a73dc3dbf0",
                "sha256:31ca082427d2104b9ab61520c0a1435ce23073e54734f3bd671b37be471da9c1",
                "sha256:379bb7125c5b6fd13f2992ba52f44015f8936e52ce38288c599bfcb8d66a963e",
                "sha256:4d948c441d609868b77bdd8cdab7ac6e595a6f15ca82dde3fd700f73445da821",
                "sha256:4f7518cfa049272ce64e43ce06cf151bdd648c6884272d480ee4b188dbffc7f2",
                "sha256:76ce97419813fcd949c841542817ba2f1e69f115b682ee9e3a07a82b784f8130",
                "sha256:99eb0afcaed70bf55582ae93b663e1c32aa76e5eeae98a3bba36b6a16319bf81",
                "sha256:9d17a32dab00851743363fc6bde1cbb4f5f979f321a4467321c70d836ae423f3",
                "sha256:d5e39cc5868e0b1415846df185a22940219bf1a5ec38a7d9be6c0cd15f413336",
                "sha256:dba738ae3cbe7f90360e0729832d741c6f74698da44614b18d44393f72745022",
                "sha256:f1b054ae5870cb3a9aec08d8eb0ff193d2a29dde0f40b947a9807bd64db647a7"
            ],
            "index": "pypi",
            "version": "==5.12.1"
        },
        "python-engineio": {
            "hashes": [
                "sha256:b3a0816dbd58b2870ab42240f8a375e981f9ae529c41b861b95aa2cbd86fa169",
                "sha256:efe95e61f77be5392626935e5d4b361889abd7c66d4c07c5b29ddaefff628fed"
            ],
            "version": "==3.4.3"
        },
        "python-socketio": {
            "hashes": [
                "sha256:aa702157694d55a743fb6f1cc0bd1af58fbfda8a7d71d747d4b12d6dac29cab3",
                "sha256:cd225eb0bb3b348665727cfaafad1e455ee13b8fd9ea9ff2691082b88b9a9444"
            ],
            "index": "pypi",
            "version": "==3.1.2"
        },
        "python-vlc": {
            "hashes": [
                "sha256:b6cb026dcd65a367b95a37d37eb461e7ae9be261617884679e3e7cadae891068"
            ],
            "index": "pypi",
            "version": "==3.0.4106"
        },
        "requests": {
            "hashes": [
                "sha256:502a824f31acdacb3a35b6690b5fbf0bc41d63a24a45c4004352b0242707598e",
                "sha256:7bf2a778576d825600030a110f3c0e3e8edc51dfaafe1c146e39a2027784957b"
            ],
            "index": "pypi",
            "version": "==2.21.0"
        },
        "shiboken2": {
            "hashes": [
                "sha256:034ea9104506dcf1c77308a73a7840f1715054b3aaeb86c7ae8b260e6572e410",
                "sha256:479a44f3b11c5d0ba3d581470db28b0788214526b2a26e173890aef47328d945",
                "sha256:49cb68fddd8bd302c0a9eb09554a99cad1b63bfc9440dd016b4fcd300af5612a",
                "sha256:c2a2261c906065b4fb1725bb075a841c72e44e28ca642adb06663d8299d0d9fc",
                "sha256:cf10631e1970ce22b3bc40673288afd55ba9b8a0d803ab0e4ed525b4a68ef6b0",
                "sha256:f4038e97eeffea96bcae932f005a3f7772734b38928e0d44e48af654525c38e3"
            ],
            "version": "==5.12.1"
        },
        "six": {
            "hashes": [
                "sha256:3350809f0555b11f552448330d0b52d5f24c91a322ea4a15ef22629740f3761c",
                "sha256:d16a0141ec1a18405cd4ce8b4613101da75da0e9a7aec5bdd4fa804d0e0eba73"
            ],
            "version": "==1.12.0"
        },
        "urllib3": {
            "hashes": [
                "sha256:61bf29cada3fc2fbefad4fdf059ea4bd1b4a86d2b6d15e1c7c0b582b9752fe39",
                "sha256:de9529817c93f27c8ccbfead6985011db27bd0ddfcdb2d86f3f663385c6a9c22"
            ],
            "index": "pypi",
            "version": "==1.24.1"
        },
        "vrpclient": {
            "editable": true,
            "path": "."
        }
    },
    "develop": {}
}
