{
    "_meta": {
        "hash": {
            "sha256": "0d59da30b152cdc3ac820715c3f1f4a6d5bd932d0e95849388c4bdeb4f122edc"
        },
        "pipfile-spec": 6,
        "requires": {
            "python_version": "3.7"
        },
        "sources": [
            {
                "name": "pypi",
                "url": "https://pypi.org/simple",
                "verify_ssl": true
            }
        ]
    },
    "default": {
        "click": {
            "hashes": [
                "sha256:2335065e6395b9e67ca716de5f7526736bfa6ceead690adf616d925bdc622b13",
                "sha256:5b94b49521f6456670fdb30cd82a4eca9412788a93fa6dd6df72c94d5a8ff2d7"
            ],
            "index": "pypi",
            "version": "==7.0"
        },
        "colorama": {
            "hashes": [
                "sha256:05eed71e2e327246ad6b38c540c4a3117230b19679b875190486ddd2d721422d",
                "sha256:f8ac84de7840f5b9c4e3347b3c1eaa50f7e49c2b07596221daec5edaabbd7c48"
            ],
            "index": "pypi",
            "version": "==0.4.1"
        },
        "pyqt5": {
            "hashes": [
                "sha256:06cb9a1ea1289ca2b2d81f9a2da44a05029d5b4d36fa47b6a0c0b9027ff03fef",
                "sha256:44b263f395045eb5bba34f4df2d269e07b1e073fd359645b022943dd1accadfd",
                "sha256:bb4ec5583baa18f741ec6c229489dc1910290d4ce4d6756a2ea062f7bf6456e6",
                "sha256:c168a8883bbe7877809c3239c5dcfb9e8de5fe7e8e828c8add7e4f77cc8fc02a"
            ],
            "index": "pypi",
            "version": "==5.12.2"
        },
        "pyqt5-sip": {
            "hashes": [
                "sha256:0c05e357c8b781458cebb120e84aae0dad9ffc9a8742959e8564d372c1a4fb9a",
                "sha256:41c1ff4859ef9b8b7db4c6a09229471378dfe7095cf96ad2c1ea4d6753340d20",
                "sha256:4db3f0b1b63311780158d467cfb61be0fbf189141dd5f5ce597e0faeb8f227eb",
                "sha256:5e8bcb8bbc3b83d4d6142d2c3188e06bd6062bab132e240b8da42fb80e6dd3ba",
                "sha256:7caca9ab0639ecc187e716c07edd285da314ad30f3ec729bcc6b62ea62171cf5",
                "sha256:8ed141db021103d9c196f6f297e39b3ade1b06f0ebbd3fe7e9101fac6e8974dd",
                "sha256:9d5e33850c5566f4e2da9c244e7f2beb87cab980567d4df902c2953308271df7",
                "sha256:a373e19e3679408bf0cee0a6591360e6d3383498b1d75ce8f303ab658f1914d5",
                "sha256:aab3d79ad9c7b6652f7d740b27c672dc9e6a21311b68f9fbbe33d8fdd086c73e",
                "sha256:b62a4aced469e9bcec88450e2a00df31d754c82b97457cd611615807526682ff",
                "sha256:c1e1d6e1496a17e025f66a258e8c4011c4da223937789dbf2d0279516c948fdc",
                "sha256:dcadf1593b5891ddb21df4ac943d720d9da22be2a686ad73621ca86d1f72dafe"
            ],
            "version": "==4.19.17"
        },
        "python-vlc": {
            "hashes": [
                "sha256:0c2c6b4e4b0cad162a694e7740a8571f12fd7eebacd5b55c93e457f917b89cd7",
                "sha256:fd24075cde4febb9611d5be412ba8d3998a8c59d24dd9d1d2b76376dc831bc7b"
            ],
            "index": "pypi",
            "version": "==3.0.6109"
        }
    },
    "develop": {
        "appdirs": {
            "hashes": [
                "sha256:9e5896d1372858f8dd3344faf4e5014d21849c756c8d5701f78f8a103b372d92",
                "sha256:d8b24664561d0d34ddfaec54636d502d7cea6e29c3eaf68f3df6180863e2166e"
            ],
            "version": "==1.4.3"
        },
        "aspy.yaml": {
            "hashes": [
                "sha256:ae249074803e8b957c83fdd82a99160d0d6d26dff9ba81ba608b42eebd7d8cd3",
                "sha256:c7390d79f58eb9157406966201abf26da0d56c07e0ff0deadc39c8f4dbc13482"
            ],
            "version": "==1.2.0"
        },
        "attrs": {
            "hashes": [
                "sha256:69c0dbf2ed392de1cb5ec704444b08a5ef81680a61cb899dc08127123af36a79",
                "sha256:f0b870f674851ecbfbbbd364d6b5cbdff9dcedbc7f3f5e18a6891057f21fe399"
            ],
            "version": "==19.1.0"
        },
        "cached-property": {
            "hashes": [
                "sha256:3a026f1a54135677e7da5ce819b0c690f156f37976f3e30c5430740725203d7f",
                "sha256:9217a59f14a5682da7c4b8829deadbfc194ac22e9908ccf7c8820234e80a1504"
            ],
            "version": "==1.5.1"
        },
        "cerberus": {
            "hashes": [
                "sha256:0be48fc0dc84f83202a5309c0aa17cd5393e70731a1698a50d118b762fbe6875"
            ],
            "version": "==1.3.1"
        },
        "certifi": {
            "hashes": [
                "sha256:59b7658e26ca9c7339e00f8f4636cdfe59d34fa37b9b04f6f9e9926b3cece1a5",
                "sha256:b26104d6835d1f5e49452a26eb2ff87fe7090b89dfcaee5ea2212697e1e1d7ae"
            ],
            "version": "==2019.3.9"
        },
        "cfgv": {
            "hashes": [
                "sha256:6e9f2feea5e84bc71e56abd703140d7a2c250fc5ba38b8702fd6a68ed4e3b2ef",
                "sha256:e7f186d4a36c099a9e20b04ac3108bd8bb9b9257e692ce18c8c3764d5cb12172"
            ],
            "version": "==1.6.0"
        },
        "chardet": {
            "hashes": [
                "sha256:84ab92ed1c4d4f16916e05906b6b75a6c0fb5db821cc65e70cbd64a3e2a5eaae",
                "sha256:fc323ffcaeaed0e0a02bf4d117757b98aed530d9ed4531e3e15460124c106691"
            ],
            "version": "==3.0.4"
        },
        "colorama": {
            "hashes": [
                "sha256:05eed71e2e327246ad6b38c540c4a3117230b19679b875190486ddd2d721422d",
                "sha256:f8ac84de7840f5b9c4e3347b3c1eaa50f7e49c2b07596221daec5edaabbd7c48"
            ],
            "index": "pypi",
            "version": "==0.4.1"
        },
        "distlib": {
            "hashes": [
                "sha256:57977cd7d9ea27986ec62f425630e4ddb42efe651ff80bc58ed8dbc3c7c21f19"
            ],
            "version": "==0.2.8"
        },
        "docopt": {
            "hashes": [
                "sha256:49b3a825280bd66b3aa83585ef59c4a8c82f2c8a522dbe754a8bc8d08c85c491"
            ],
            "version": "==0.6.2"
        },
        "entrypoints": {
            "hashes": [
                "sha256:589f874b313739ad35be6e0cd7efde2a4e9b6fea91edcc34e58ecbb8dbe56d19",
                "sha256:c70dd71abe5a8c85e55e12c19bd91ccfeec11a6e99044204511f9ed547d48451"
            ],
            "version": "==0.3"
        },
        "first": {
            "hashes": [
                "sha256:8d8e46e115ea8ac652c76123c0865e3ff18372aef6f03c22809ceefcea9dec86",
                "sha256:ff285b08c55f8c97ce4ea7012743af2495c9f1291785f163722bd36f6af6d3bf"
            ],
            "version": "==2.0.2"
        },
        "flake8": {
            "hashes": [
                "sha256:859996073f341f2670741b51ec1e67a01da142831aa1fdc6242dbf88dffbe661",
                "sha256:a796a115208f5c03b18f332f7c11729812c8c3ded6c46319c59b53efd3819da8"
            ],
            "index": "pypi",
            "version": "==3.7.7"
        },
        "identify": {
            "hashes": [
                "sha256:432c548d6138cb57a3d8f62f079a025a29b8ae34a50dd3b496bbf661818f2bc0",
                "sha256:d4401d60bf1938aa3074a352a5cc9044107edf11a6fedd3a1db172c141619b81"
            ],
            "version": "==1.4.3"
        },
        "idna": {
            "hashes": [
                "sha256:c357b3f628cf53ae2c4c05627ecc484553142ca23264e593d327bcde5e9c3407",
                "sha256:ea8b7f6188e6fa117537c3df7da9fc686d485087abf6ac197f9c46432f7e4a3c"
            ],
            "version": "==2.8"
        },
        "importlib-metadata": {
            "hashes": [
                "sha256:6a0080fdc87c8225e004b00b55bd1eab153a32ef5a11e17c14de81edbb8ed1a7",
                "sha256:c0bdce522d5b215c710f237cfc1f58ace432affd3052176bbb719f53e2465256"
            ],
            "version": "==0.11"
        },
        "isort": {
            "extras": [
                "pipfile"
            ],
            "hashes": [
                "sha256:1349c6f7c2a0f7539f5f2ace51a9a8e4a37086ce4de6f78f5f53fb041d0a3cd5",
                "sha256:f09911f6eb114e5592abe635aded8bf3d2c3144ebcfcaf81ee32e7af7b7d1870"
            ],
            "index": "pypi",
            "version": "==4.3.18"
        },
        "mccabe": {
            "hashes": [
                "sha256:ab8a6258860da4b6677da4bd2fe5dc2c659cff31b3ee4f7f5d64e79735b80d42",
                "sha256:dd8d182285a0fe56bace7f45b5e7d1a6ebcbf524e8f3bd87eb0f125271b8831f"
            ],
            "version": "==0.6.1"
        },
        "nodeenv": {
            "hashes": [
                "sha256:ad8259494cf1c9034539f6cced78a1da4840a4b157e23640bc4a0c0546b0cb7a"
            ],
            "version": "==1.3.3"
        },
        "orderedmultidict": {
            "hashes": [
                "sha256:24e3b730cf84e4a6a68be5cc760864905cf66abc89851e724bd5b4e849eaa96b",
                "sha256:b89895ba6438038d0bdf88020ceff876cf3eae0d5c66a69b526fab31125db2c5"
            ],
            "version": "==1.0"
        },
        "packaging": {
            "hashes": [
                "sha256:0c98a5d0be38ed775798ece1b9727178c4469d9c3b4ada66e8e6b7849f8732af",
                "sha256:9e1cbf8c12b1f1ce0bb5344b8d7ecf66a6f8a6e91bcb0c84593ed6d3ab5c4ab3"
            ],
            "version": "==19.0"
        },
        "pep517": {
            "hashes": [
                "sha256:43a7aa3902efd305a605c1028e4045968cd012831233ecab633a31d3ba4860a5",
                "sha256:cb5ca55450b64e80744cd5c32f7d5b8928004042dfea50fdc3f96ad7f27cba96"
            ],
            "version": "==0.5.0"
        },
        "pip-shims": {
            "hashes": [
                "sha256:3bc24ec050a6b9eea35419467237e4f47eaf806dadc9999bf887355c377edea7",
                "sha256:edb4cf3c509eab2f36b55c1ac1a59a4c485ccd537cc87934d74950880f641256"
            ],
            "version": "==0.3.2"
        },
        "pipreqs": {
            "hashes": [
                "sha256:2dfa21631cb68a97515e222d6f0033b5bfb75823567ca2195d528efb18c97990",
                "sha256:cec6eecc4685967b27eb386037565a737d036045f525b9eb314631a68d60e4bc"
            ],
            "version": "==0.4.9"
        },
        "plette": {
            "extras": [
                "validation"
            ],
            "hashes": [
                "sha256:c0e3553c1e581d8423daccbd825789c6e7f29b7d9e00e5331b12e1642a1a26d3",
                "sha256:dde5d525cf5f0cbad4d938c83b93db17887918daf63c13eafed257c4f61b07b4"
            ],
            "version": "==0.2.2"
        },
        "pre-commit": {
            "hashes": [
                "sha256:6ca409d1f22d444af427fb023a33ca8b69625d508a50e1b7eaabd59247c93043",
                "sha256:94dd519597f5bff06a4b0df194a79c524b78f4b1534c1ce63241a9d4fb23b926"
            ],
            "index": "pypi",
            "version": "==1.16.1"
        },
        "pycodestyle": {
            "hashes": [
                "sha256:95a2219d12372f05704562a14ec30bc76b05a5b297b21a5dfe3f6fac3491ae56",
                "sha256:e40a936c9a450ad81df37f549d676d127b1b66000a6c500caa2b085bc0ca976c"
            ],
            "version": "==2.5.0"
        },
        "pyflakes": {
            "hashes": [
                "sha256:17dbeb2e3f4d772725c777fabc446d5634d1038f234e77343108ce445ea69ce0",
                "sha256:d976835886f8c5b31d47970ed689944a0262b5f3afa00a5a7b4dc81e5449f8a2"
            ],
            "version": "==2.1.1"
        },
        "pyparsing": {
            "hashes": [
                "sha256:1873c03321fc118f4e9746baf201ff990ceb915f433f23b395f5580d1840cb2a",
                "sha256:9b6323ef4ab914af344ba97510e966d64ba91055d6b9afa6b30799340e89cc03"
            ],
            "version": "==2.4.0"
        },
        "pytoml": {
            "hashes": [
                "sha256:ca2d0cb127c938b8b76a9a0d0f855cf930c1d50cc3a0af6d3595b566519a1013"
            ],
            "version": "==0.1.20"
        },
        "pyyaml": {
            "hashes": [
                "sha256:1adecc22f88d38052fb787d959f003811ca858b799590a5eaa70e63dca50308c",
                "sha256:436bc774ecf7c103814098159fbb84c2715d25980175292c648f2da143909f95",
                "sha256:460a5a4248763f6f37ea225d19d5c205677d8d525f6a83357ca622ed541830c2",
                "sha256:5a22a9c84653debfbf198d02fe592c176ea548cccce47553f35f466e15cf2fd4",
                "sha256:7a5d3f26b89d688db27822343dfa25c599627bc92093e788956372285c6298ad",
                "sha256:9372b04a02080752d9e6f990179a4ab840227c6e2ce15b95e1278456664cf2ba",
                "sha256:a5dcbebee834eaddf3fa7366316b880ff4062e4bcc9787b78c7fbb4a26ff2dd1",
                "sha256:aee5bab92a176e7cd034e57f46e9df9a9862a71f8f37cad167c6fc74c65f5b4e",
                "sha256:c51f642898c0bacd335fc119da60baae0824f2cde95b0330b56c0553439f0673",
                "sha256:c68ea4d3ba1705da1e0d85da6684ac657912679a649e8868bd850d2c299cce13",
                "sha256:e23d0cc5299223dcc37885dae624f382297717e459ea24053709675a976a3e19"
            ],
            "version": "==5.1"
        },
        "requests": {
            "hashes": [
                "sha256:502a824f31acdacb3a35b6690b5fbf0bc41d63a24a45c4004352b0242707598e",
                "sha256:7bf2a778576d825600030a110f3c0e3e8edc51dfaafe1c146e39a2027784957b"
            ],
            "version": "==2.21.0"
        },
        "requirementslib": {
            "hashes": [
                "sha256:04c19bfe6f2c4dbfe3cc5115744c2079b0f3ce52c61c9d130a1ccf2b9896f812",
                "sha256:fdfc75d0ce418e80fa3b573ff078a5732ec1f11415afc2d4280809a1b5b2575d"
            ],
            "version": "==1.4.2"
        },
        "six": {
            "hashes": [
                "sha256:3350809f0555b11f552448330d0b52d5f24c91a322ea4a15ef22629740f3761c",
                "sha256:d16a0141ec1a18405cd4ce8b4613101da75da0e9a7aec5bdd4fa804d0e0eba73"
            ],
            "version": "==1.12.0"
        },
        "toml": {
            "hashes": [
                "sha256:229f81c57791a41d65e399fc06bf0848bab550a9dfd5ed66df18ce5f05e73d5c",
                "sha256:235682dd292d5899d361a811df37e04a8828a5b1da3115886b73cf81ebc9100e"
            ],
            "version": "==0.10.0"
        },
        "tomlkit": {
            "hashes": [
                "sha256:d6506342615d051bc961f70bfcfa3d29b6616cc08a3ddfd4bc24196f16fd4ec2",
                "sha256:f077456d35303e7908cc233b340f71e0bec96f63429997f38ca9272b7d64029e"
            ],
            "version": "==0.5.3"
        },
        "urllib3": {
            "hashes": [
                "sha256:2393a695cd12afedd0dcb26fe5d50d0cf248e5a66f75dbd89a3d4eb333a61af4",
                "sha256:a637e5fae88995b256e3409dc4d52c2e2e0ba32c42a6365fee8bbd2238de3cfb"
            ],
            "version": "==1.24.3"
        },
        "virtualenv": {
            "hashes": [
                "sha256:15ee248d13e4001a691d9583948ad3947bcb8a289775102e4c4aa98a8b7a6d73",
                "sha256:bfc98bb9b42a3029ee41b96dc00a34c2f254cbf7716bec824477b2c82741a5c4"
            ],
            "version": "==16.5.0"
        },
        "vistir": {
            "hashes": [
                "sha256:199a6031b02d1df216f05e170a04f8ae3568846baf8561cf8a029d821f2ee587",
                "sha256:9564bd162df8d0078b41e6a9bd93c3cc9543bfb542443bcd251b83620f362cb4"
            ],
            "version": "==0.4.0"
        },
        "wheel": {
            "hashes": [
                "sha256:20c39930e770523bbfd73078306206cb4a69ef72ff2b67f93bcd7d30d5d794df",
                "sha256:bd330c9e074b361ad68b8b6f8771f6ba81b6506e21dc77391056199bf01e7d9f"
            ],
            "version": "==0.33.3"
        },
        "yarg": {
            "hashes": [
                "sha256:4f9cebdc00fac946c9bf2783d634e538a71c7d280a4d806d45fd4dc0ef441492",
                "sha256:55695bf4d1e3e7f756496c36a69ba32c40d18f821e38f61d028f6049e5e15911"
            ],
            "version": "==0.1.9"
        },
        "zipp": {
            "hashes": [
                "sha256:46dfd547d9ccbf8bdc26ecea52818046bb28509f12bb6a0de1cd66ab06e9a9be",
                "sha256:d7ac25f895fb65bff937b381353c14eb1fa23d35f40abd72a5342cd57eb57fd1"
            ],
            "version": "==0.5.0"
        }
    }
}
